<?xml version="1.0" encoding="utf-8"?>
<Project ToolsVersion="4.0" xmlns="http://schemas.microsoft.com/developer/msbuild/2003">
  <ItemGroup>
    <Filter Include="Source Files">
      <UniqueIdentifier>{4FC737F1-C7A5-4376-A066-2A32D752A2FF}</UniqueIdentifier>
      <Extensions>cpp;c;cc;cxx;def;odl;idl;hpj;bat;asm;asmx</Extensions>
    </Filter>
    <Filter Include="Header Files">
      <UniqueIdentifier>{93995380-89BD-4b04-88EB-625FBE52EBFB}</UniqueIdentifier>
      <Extensions>h;hpp;hxx;hm;inl;inc;xsd</Extensions>
    </Filter>
    <Filter Include="Scene2D">
      <UniqueIdentifier>{a357a60d-f2e7-4675-b29d-d35641c7a73c}</UniqueIdentifier>
    </Filter>
    <Filter Include="GameStateManagement">
      <UniqueIdentifier>{aa10578d-5881-490b-9125-bd687e1c699c}</UniqueIdentifier>
    </Filter>
    <Filter Include="Entity2D">
      <UniqueIdentifier>{2562402d-6b02-4655-8a4c-e4ed3accaee1}</UniqueIdentifier>
    </Filter>
    <Filter Include="Manager2D">
      <UniqueIdentifier>{54f8f5f8-2e6a-42e3-9af7-09b8d09de77d}</UniqueIdentifier>
    </Filter>
    <Filter Include="Factory">
      <UniqueIdentifier>{db4c60e0-034a-4a8a-a80c-1225539467af}</UniqueIdentifier>
    </Filter>
    <Filter Include="Entity2D\Object2D">
      <UniqueIdentifier>{a7550fef-c1ec-41c0-a138-7099839b0113}</UniqueIdentifier>
    </Filter>
    <Filter Include="Items">
      <UniqueIdentifier>{3b664dd3-f778-43dd-9188-98d0618c77bf}</UniqueIdentifier>
    </Filter>
    <Filter Include="TextureManager">
      <UniqueIdentifier>{afe0f215-16c2-4a8d-8016-49e8d6a661a0}</UniqueIdentifier>
    </Filter>
    <Filter Include="LevelEditor">
      <UniqueIdentifier>{ab1fa9a1-e10a-4a02-9838-35d9d16b15a5}</UniqueIdentifier>
    </Filter>
    <Filter Include="InputHandler">
      <UniqueIdentifier>{a64d880b-e813-4454-ab71-ba91fdb27dff}</UniqueIdentifier>
    </Filter>
    <Filter Include="Entity2D\Interactables">
      <UniqueIdentifier>{7f609581-e6d9-4f76-a0f6-7950c37bf6ef}</UniqueIdentifier>
    </Filter>
    <Filter Include="Entity2D\LivingEntity2D">
      <UniqueIdentifier>{c7a87555-ea7c-436d-ad47-7d450ba08ac9}</UniqueIdentifier>
    </Filter>
    <Filter Include="Entity2D\LivingEntity2D\Enemy2D">
      <UniqueIdentifier>{12b6e96b-a1d8-4859-87bd-b2727a81f938}</UniqueIdentifier>
    </Filter>
    <Filter Include="Entity2D\Obstacles">
      <UniqueIdentifier>{179b550e-e6ca-4d0b-947c-97237df8e67d}</UniqueIdentifier>
    </Filter>
  </ItemGroup>
  <ItemGroup>
    <ClCompile Include="Source\Application.cpp">
      <Filter>Source Files</Filter>
    </ClCompile>
    <ClCompile Include="Source\main.cpp">
      <Filter>Source Files</Filter>
    </ClCompile>
    <ClCompile Include="Source\Scene2D\Scene2D.cpp">
      <Filter>Scene2D</Filter>
    </ClCompile>
    <ClCompile Include="Source\Scene2D\Map2D.cpp">
      <Filter>Scene2D</Filter>
    </ClCompile>
    <ClCompile Include="Source\GameStateManagement\IntroState.cpp">
      <Filter>GameStateManagement</Filter>
    </ClCompile>
    <ClCompile Include="Source\GameStateManagement\MenuState.cpp">
      <Filter>GameStateManagement</Filter>
    </ClCompile>
    <ClCompile Include="Source\GameStateManagement\GameStateManager.cpp">
      <Filter>GameStateManagement</Filter>
    </ClCompile>
    <ClCompile Include="Source\GameStateManagement\PlayGameState.cpp">
      <Filter>GameStateManagement</Filter>
    </ClCompile>
    <ClCompile Include="Source\Scene2D\BackgroundEntity.cpp">
      <Filter>Scene2D</Filter>
    </ClCompile>
    <ClCompile Include="Source\Scene2D\GameManager.cpp">
      <Filter>Manager2D</Filter>
    </ClCompile>
    <ClCompile Include="Source\GameStateManagement\GameOverState.cpp">
      <Filter>GameStateManagement</Filter>
    </ClCompile>
    <ClCompile Include="Source\GameStateManagement\PauseMenuState.cpp">
      <Filter>GameStateManagement</Filter>
    </ClCompile>
    <ClCompile Include="Source\Factory\ObjectFactory.cpp">
      <Filter>Factory</Filter>
    </ClCompile>
    <ClCompile Include="Source\Scene2D\Object2D.cpp">
      <Filter>Entity2D\Object2D</Filter>
    </ClCompile>
    <ClCompile Include="Source\Scene2D\EntityManager.cpp">
      <Filter>Manager2D</Filter>
    </ClCompile>
    <ClCompile Include="Source\Scene2D\Projectiles.cpp">
      <Filter>Entity2D\Object2D</Filter>
    </ClCompile>
    <ClCompile Include="Source\Scene2D\Item.cpp">
      <Filter>Items</Filter>
    </ClCompile>
    <ClCompile Include="Source\Scene2D\InventoryManager.cpp">
      <Filter>Items</Filter>
    </ClCompile>
    <ClCompile Include="Source\Scene2D\EntityManager.cpp">
      <Filter>Manager2D</Filter>
    </ClCompile>
    <ClCompile Include="Source\GameStateManagement\EditorSettingsState.cpp">
      <Filter>Source Files</Filter>
    </ClCompile>
    <ClCompile Include="Source\GameStateManagement\LevelEditorState.cpp">
      <Filter>Source Files</Filter>
    </ClCompile>
    <ClCompile Include="Source\LevelEditor\LevelGrid.cpp">
      <Filter>Source Files</Filter>
    </ClCompile>
    <ClCompile Include="Source\LevelEditor\LevelEditor.cpp">
      <Filter>Source Files</Filter>
    </ClCompile>
    <ClCompile Include="Source\TextureManager\TextureManager.cpp">
      <Filter>Source Files</Filter>
    </ClCompile>
    <ClCompile Include="Source\Scene2D\MobEnemy2D.cpp">
      <Filter>Entity2D\LivingEntity2D\Enemy2D</Filter>
    </ClCompile>
    <ClCompile Include="Source\Scene2D\Inventory.cpp">
      <Filter>Items</Filter>
    </ClCompile>
    <ClCompile Include="Source\InputHandler\CInputHandler.cpp">
      <Filter>InputHandler</Filter>
    </ClCompile>
    <ClCompile Include="Source\TextureManager\TextureManager.cpp">
      <Filter>TextureManager</Filter>
    </ClCompile>
    <ClCompile Include="Source\LevelEditor\LevelGrid.cpp">
      <Filter>LevelEditor</Filter>
    </ClCompile>
    <ClCompile Include="Source\LevelEditor\LevelEditor.cpp">
      <Filter>LevelEditor</Filter>
    </ClCompile>
    <ClCompile Include="Source\GameStateManagement\LevelEditorState.cpp">
      <Filter>GameStateManagement</Filter>
    </ClCompile>
    <ClCompile Include="Source\GameStateManagement\EditorSettingsState.cpp">
      <Filter>GameStateManagement</Filter>
    </ClCompile>
    <ClCompile Include="Source\Scene2D\Item.cpp">
      <Filter>Items</Filter>
    </ClCompile>
    <ClCompile Include="Source\Scene2D\Inventory.cpp">
      <Filter>Items</Filter>
    </ClCompile>
    <ClCompile Include="Source\Scene2D\Boss2D.cpp">
      <Filter>Entity2D</Filter>
    </ClCompile>
    <ClCompile Include="Source\Factory\EnemyFactory.cpp">
      <Filter>Factory</Filter>
    </ClCompile>
    <ClCompile Include="Source\Scene2D\Bullet2D.cpp">
      <Filter>Entity2D\Object2D</Filter>
    </ClCompile>
    <ClCompile Include="Source\Scene2D\Boss2D.cpp">
      <Filter>Entity2D\Enemy2D</Filter>
    </ClCompile>
    <ClCompile Include="Source\Scene2D\Interactables.cpp">
      <Filter>Entity2D\Interactables</Filter>
    </ClCompile>
    <ClCompile Include="Source\Scene2D\Player2D.cpp">
      <Filter>Entity2D\LivingEntity2D</Filter>
    </ClCompile>
    <ClCompile Include="Source\Scene2D\LivingEntity2D.cpp">
      <Filter>Entity2D\LivingEntity2D</Filter>
    </ClCompile>
    <ClCompile Include="Source\Scene2D\Boss2D.cpp">
      <Filter>Entity2D\LivingEntity2D\Enemy2D</Filter>
    </ClCompile>
    <ClCompile Include="Source\Scene2D\Enemy2D.cpp">
      <Filter>Source Files</Filter>
    </ClCompile>
    <ClCompile Include="Source\Scene2D\Enemy2D.cpp">
      <Filter>Entity2D\LivingEntity2D\Enemy2D</Filter>
    </ClCompile>
    <ClCompile Include="Source\Scene2D\EnemyBullet2D.cpp">
      <Filter>Entity2D\Object2D</Filter>
    </ClCompile>
    <ClCompile Include="Source\Scene2D\RayCast2D.cpp">
      <Filter>Scene2D</Filter>
    </ClCompile>
    <ClCompile Include="Source\Scene2D\Obstacle2D.cpp">
      <Filter>Entity2D\Obstacles</Filter>
    </ClCompile>
  </ItemGroup>
  <ItemGroup>
    <ClInclude Include="Source\Application.h">
      <Filter>Header Files</Filter>
    </ClInclude>
    <ClInclude Include="Source\Scene2D\Scene2D.h">
      <Filter>Scene2D</Filter>
    </ClInclude>
    <ClInclude Include="Source\Scene2D\Map2D.h">
      <Filter>Scene2D</Filter>
    </ClInclude>
    <ClInclude Include="Source\GameStateManagement\IntroState.h">
      <Filter>GameStateManagement</Filter>
    </ClInclude>
    <ClInclude Include="Source\GameStateManagement\MenuState.h">
      <Filter>GameStateManagement</Filter>
    </ClInclude>
    <ClInclude Include="Source\GameStateManagement\GameStateManager.h">
      <Filter>GameStateManagement</Filter>
    </ClInclude>
    <ClInclude Include="Source\GameStateManagement\GameStateBase.h">
      <Filter>GameStateManagement</Filter>
    </ClInclude>
    <ClInclude Include="Source\GameStateManagement\PlayGameState.h">
      <Filter>GameStateManagement</Filter>
    </ClInclude>
    <ClInclude Include="Source\Scene2D\BackgroundEntity.h">
      <Filter>Scene2D</Filter>
    </ClInclude>
    <ClInclude Include="Source\Scene2D\GameManager.h">
      <Filter>Manager2D</Filter>
    </ClInclude>
    <ClInclude Include="Source\GameStateManagement\GameOverState.h">
      <Filter>GameStateManagement</Filter>
    </ClInclude>
    <ClInclude Include="Source\GameStateManagement\PauseMenuState.h">
      <Filter>GameStateManagement</Filter>
    </ClInclude>
    <ClInclude Include="Source\Factory\ObjectFactory.h">
      <Filter>Factory</Filter>
    </ClInclude>
    <ClInclude Include="Source\Scene2D\Object2D.h">
      <Filter>Entity2D\Object2D</Filter>
    </ClInclude>
    <ClInclude Include="Source\Scene2D\EntityManager.h">
      <Filter>Manager2D</Filter>
    </ClInclude>
    <ClInclude Include="Source\Scene2D\Projectiles.h">
      <Filter>Entity2D\Object2D</Filter>
    </ClInclude>
    <ClInclude Include="Source\Scene2D\Item.h">
      <Filter>Items</Filter>
    </ClInclude>
    <ClInclude Include="Source\Scene2D\InventoryManager.h">
      <Filter>Items</Filter>
    </ClInclude>
    <ClInclude Include="Source\Scene2D\Inventory.h">
      <Filter>Items</Filter>
    </ClInclude>
    <ClInclude Include="Source\InputHandler\CInputHandler.h">
      <Filter>InputHandler</Filter>
    </ClInclude>
    <ClInclude Include="Source\GameStateManagement\EditorSettingsState.h">
      <Filter>Header Files</Filter>
    </ClInclude>
    <ClInclude Include="Source\GameStateManagement\LevelEditorState.h">
      <Filter>Header Files</Filter>
    </ClInclude>
    <ClInclude Include="Source\LevelEditor\LevelGrid.h">
      <Filter>Header Files</Filter>
    </ClInclude>
    <ClInclude Include="Source\LevelEditor\LevelEditor.h">
      <Filter>Header Files</Filter>
    </ClInclude>
    <ClInclude Include="Source\TextureManager\TextureManager.h">
      <Filter>Header Files</Filter>
    </ClInclude>
    <ClInclude Include="Source\Scene2D\MobEnemy2D.h">
      <Filter>Entity2D\LivingEntity2D\Enemy2D</Filter>
    </ClInclude>
    <ClInclude Include="Source\TextureManager\TextureManager.h">
      <Filter>TextureManager</Filter>
    </ClInclude>
    <ClInclude Include="Source\LevelEditor\LevelGrid.h">
      <Filter>LevelEditor</Filter>
    </ClInclude>
    <ClInclude Include="Source\LevelEditor\LevelEditor.h">
      <Filter>LevelEditor</Filter>
    </ClInclude>
    <ClInclude Include="Source\GameStateManagement\EditorSettingsState.h">
      <Filter>GameStateManagement</Filter>
    </ClInclude>
    <ClInclude Include="Source\GameStateManagement\LevelEditorState.h">
      <Filter>GameStateManagement</Filter>
    </ClInclude>
    <ClInclude Include="Source\Scene2D\Item.h">
      <Filter>Items</Filter>
    </ClInclude>
    <ClInclude Include="Source\Scene2D\Inventory.h">
      <Filter>Items</Filter>
    </ClInclude>
    <ClInclude Include="Source\Scene2D\Boss2D.h">
      <Filter>Entity2D</Filter>
    </ClInclude>
    <ClInclude Include="Source\Factory\EnemyFactory.h">
      <Filter>Factory</Filter>
    </ClInclude>
    <ClInclude Include="Source\Scene2D\Bullet2D.h">
      <Filter>Entity2D\Object2D</Filter>
    </ClInclude>
    <ClInclude Include="Source\Scene2D\Boss2D.h">
      <Filter>Entity2D\Enemy2D</Filter>
    </ClInclude>
    <ClInclude Include="Source\Scene2D\Interactables.h">
      <Filter>Entity2D\Interactables</Filter>
    </ClInclude>
    <ClInclude Include="Source\Scene2D\Player2D.h">
      <Filter>Entity2D\LivingEntity2D</Filter>
    </ClInclude>
    <ClInclude Include="Source\Scene2D\LivingEntity2D.h">
      <Filter>Entity2D\LivingEntity2D</Filter>
    </ClInclude>
    <ClInclude Include="Source\Scene2D\Boss2D.h">
      <Filter>Entity2D\LivingEntity2D\Enemy2D</Filter>
    </ClInclude>
    <ClInclude Include="Source\Scene2D\Enemy2D.h">
      <Filter>Header Files</Filter>
    </ClInclude>
    <ClInclude Include="Source\Scene2D\Enemy2D.h">
      <Filter>Entity2D\LivingEntity2D\Enemy2D</Filter>
    </ClInclude>
    <ClInclude Include="Source\Scene2D\EnemyBullet2D.h">
      <Filter>Entity2D\Object2D</Filter>
    </ClInclude>
    <ClInclude Include="Source\Scene2D\RayCast2D.h">
      <Filter>Scene2D</Filter>
    </ClInclude>
    <ClInclude Include="Source\Scene2D\Obstacle2D.h">
      <Filter>Entity2D\Obstacles</Filter>
    </ClInclude>
  </ItemGroup>
</Project>