<?xml version="1.0" encoding="utf-8"?>
<Project ToolsVersion="4.0" xmlns="http://schemas.microsoft.com/developer/msbuild/2003">
  <ItemGroup>
    <Filter Include="Source Files">
      <UniqueIdentifier>{4FC737F1-C7A5-4376-A066-2A32D752A2FF}</UniqueIdentifier>
      <Extensions>cpp;c;cc;cxx;def;odl;idl;hpj;bat;asm;asmx</Extensions>
    </Filter>
    <Filter Include="Header Files">
      <UniqueIdentifier>{93995380-89BD-4b04-88EB-625FBE52EBFB}</UniqueIdentifier>
      <Extensions>h;hpp;hxx;hm;inl;inc;xsd</Extensions>
    </Filter>
    <Filter Include="Scene2D">
      <UniqueIdentifier>{a357a60d-f2e7-4675-b29d-d35641c7a73c}</UniqueIdentifier>
    </Filter>
    <Filter Include="SoundController">
      <UniqueIdentifier>{65b0c8b6-254f-4d24-982b-66a0a0af1c87}</UniqueIdentifier>
    </Filter>
    <Filter Include="GameStateManagement">
      <UniqueIdentifier>{aa10578d-5881-490b-9125-bd687e1c699c}</UniqueIdentifier>
    </Filter>
    <Filter Include="Entity2D">
      <UniqueIdentifier>{2562402d-6b02-4655-8a4c-e4ed3accaee1}</UniqueIdentifier>
    </Filter>
    <Filter Include="Manager2D">
      <UniqueIdentifier>{54f8f5f8-2e6a-42e3-9af7-09b8d09de77d}</UniqueIdentifier>
    </Filter>
    <Filter Include="KeyboardInputHandler">
      <UniqueIdentifier>{a64d880b-e813-4454-ab71-ba91fdb27dff}</UniqueIdentifier>
    </Filter>
    <Filter Include="Command">
      <UniqueIdentifier>{9ec58048-9e19-41d9-8642-8e72a3b90c0e}</UniqueIdentifier>
    </Filter>
    <Filter Include="Factory">
      <UniqueIdentifier>{db4c60e0-034a-4a8a-a80c-1225539467af}</UniqueIdentifier>
    </Filter>
    <Filter Include="Entity2D\Object2D">
      <UniqueIdentifier>{a7550fef-c1ec-41c0-a138-7099839b0113}</UniqueIdentifier>
    </Filter>
    <Filter Include="Items">
      <UniqueIdentifier>{3b664dd3-f778-43dd-9188-98d0618c77bf}</UniqueIdentifier>
    </Filter>
    <Filter Include="TextureManager">
      <UniqueIdentifier>{afe0f215-16c2-4a8d-8016-49e8d6a661a0}</UniqueIdentifier>
    </Filter>
    <Filter Include="LevelEditor">
      <UniqueIdentifier>{ab1fa9a1-e10a-4a02-9838-35d9d16b15a5}</UniqueIdentifier>
    </Filter>
  </ItemGroup>
  <ItemGroup>
    <ClCompile Include="Source\Application.cpp">
      <Filter>Source Files</Filter>
    </ClCompile>
    <ClCompile Include="Source\main.cpp">
      <Filter>Source Files</Filter>
    </ClCompile>
    <ClCompile Include="Source\Scene2D\Scene2D.cpp">
      <Filter>Scene2D</Filter>
    </ClCompile>
    <ClCompile Include="Source\Scene2D\Map2D.cpp">
      <Filter>Scene2D</Filter>
    </ClCompile>
    <ClCompile Include="Source\Scene2D\Physics2D.cpp">
      <Filter>Scene2D</Filter>
    </ClCompile>
    <ClCompile Include="Source\Scene2D\GUI_Scene2D.cpp">
      <Filter>Scene2D</Filter>
    </ClCompile>
    <ClCompile Include="Source\SoundController\SoundController.cpp">
      <Filter>SoundController</Filter>
    </ClCompile>
    <ClCompile Include="Source\SoundController\SoundInfo.cpp">
      <Filter>SoundController</Filter>
    </ClCompile>
    <ClCompile Include="Source\GameStateManagement\IntroState.cpp">
      <Filter>GameStateManagement</Filter>
    </ClCompile>
    <ClCompile Include="Source\GameStateManagement\MenuState.cpp">
      <Filter>GameStateManagement</Filter>
    </ClCompile>
    <ClCompile Include="Source\GameStateManagement\GameStateManager.cpp">
      <Filter>GameStateManagement</Filter>
    </ClCompile>
    <ClCompile Include="Source\GameStateManagement\PlayGameState.cpp">
      <Filter>GameStateManagement</Filter>
    </ClCompile>
    <ClCompile Include="Source\Scene2D\BackgroundEntity.cpp">
      <Filter>Scene2D</Filter>
    </ClCompile>
    <ClCompile Include="Source\Scene2D\Player2D.cpp">
      <Filter>Entity2D</Filter>
    </ClCompile>
    <ClCompile Include="Source\Scene2D\Enemy2D.cpp">
      <Filter>Entity2D</Filter>
    </ClCompile>
    <ClCompile Include="Source\Scene2D\GameManager.cpp">
      <Filter>Manager2D</Filter>
    </ClCompile>
    <ClCompile Include="Source\GameStateManagement\GameOverState.cpp">
      <Filter>GameStateManagement</Filter>
    </ClCompile>
    <ClCompile Include="Source\GameStateManagement\PauseMenuState.cpp">
      <Filter>GameStateManagement</Filter>
    </ClCompile>
    <ClCompile Include="Source\Scene2D\Camera2D.cpp">
      <Filter>Entity2D</Filter>
    </ClCompile>
    <ClCompile Include="Source\Scene2D\Interactables.cpp">
      <Filter>Entity2D</Filter>
    </ClCompile>
    <ClCompile Include="Source\KeyboardInputHandler\CKeyboardInputHandler.cpp">
      <Filter>KeyboardInputHandler</Filter>
    </ClCompile>
    <ClCompile Include="Source\Command\Command.cpp">
      <Filter>Command</Filter>
    </ClCompile>
    <ClCompile Include="Source\Scene2D\Collider2D.cpp">
      <Filter>Entity2D</Filter>
    </ClCompile>
    <ClCompile Include="Source\Factory\ObjectFactory.cpp">
      <Filter>Factory</Filter>
    </ClCompile>
    <ClCompile Include="Source\Scene2D\Object2D.cpp">
      <Filter>Entity2D\Object2D</Filter>
    </ClCompile>
    <ClCompile Include="Source\Scene2D\Boulder2D.cpp">
      <Filter>Entity2D\Object2D</Filter>
    </ClCompile>
    <ClCompile Include="Source\Scene2D\InventoryItem.cpp">
      <Filter>Items</Filter>
    </ClCompile>
    <ClCompile Include="Source\Scene2D\InventoryManager.cpp">
      <Filter>Items</Filter>
    </ClCompile>
    <ClCompile Include="Source\Scene2D\EntityManager.cpp">
      <Filter>Manager2D</Filter>
    </ClCompile>
    <ClCompile Include="Source\Scene2D\Projectiles.cpp">
      <Filter>Entity2D\Object2D</Filter>
    </ClCompile>
    <ClCompile Include="Source\TextureManager\TextureManager.cpp">
      <Filter>TextureManager</Filter>
    </ClCompile>
    <ClCompile Include="Source\LevelEditor\LevelGrid.cpp">
      <Filter>LevelEditor</Filter>
    </ClCompile>
    <ClCompile Include="Source\LevelEditor\LevelEditor.cpp">
      <Filter>LevelEditor</Filter>
    </ClCompile>
    <ClCompile Include="Source\GameStateManagement\LevelEditorState.cpp">
      <Filter>GameStateManagement</Filter>
    </ClCompile>
    <ClCompile Include="Source\GameStateManagement\EditorSettingsState.cpp">
      <Filter>GameStateManagement</Filter>
    </ClCompile>
    <ClCompile Include="Source\Scene2D\InventoryMain.cpp">
      <Filter>Items</Filter>
    </ClCompile>
    <ClCompile Include="Source\Scene2D\Item.cpp">
      <Filter>Items</Filter>
    </ClCompile>
    <ClCompile Include="Source\Scene2D\InventoryM.cpp">
      <Filter>Items</Filter>
    </ClCompile>
    <ClCompile Include="Source\Scene2D\Inventory.cpp">
      <Filter>Items</Filter>
    </ClCompile>
    <ClCompile Include="Source\Scene2D\Boss2D.cpp">
      <Filter>Entity2D</Filter>
    </ClCompile>
  </ItemGroup>
  <ItemGroup>
    <ClInclude Include="Source\Application.h">
      <Filter>Header Files</Filter>
    </ClInclude>
    <ClInclude Include="Source\Scene2D\Scene2D.h">
      <Filter>Scene2D</Filter>
    </ClInclude>
    <ClInclude Include="Source\Scene2D\Map2D.h">
      <Filter>Scene2D</Filter>
    </ClInclude>
    <ClInclude Include="Source\Scene2D\Physics2D.h">
      <Filter>Scene2D</Filter>
    </ClInclude>
    <ClInclude Include="Source\Scene2D\GUI_Scene2D.h">
      <Filter>Scene2D</Filter>
    </ClInclude>
    <ClInclude Include="Source\SoundController\SoundController.h">
      <Filter>SoundController</Filter>
    </ClInclude>
    <ClInclude Include="Source\SoundController\SoundInfo.h">
      <Filter>SoundController</Filter>
    </ClInclude>
    <ClInclude Include="Source\GameStateManagement\IntroState.h">
      <Filter>GameStateManagement</Filter>
    </ClInclude>
    <ClInclude Include="Source\GameStateManagement\MenuState.h">
      <Filter>GameStateManagement</Filter>
    </ClInclude>
    <ClInclude Include="Source\GameStateManagement\GameStateManager.h">
      <Filter>GameStateManagement</Filter>
    </ClInclude>
    <ClInclude Include="Source\GameStateManagement\GameStateBase.h">
      <Filter>GameStateManagement</Filter>
    </ClInclude>
    <ClInclude Include="Source\GameStateManagement\PlayGameState.h">
      <Filter>GameStateManagement</Filter>
    </ClInclude>
    <ClInclude Include="Source\Scene2D\BackgroundEntity.h">
      <Filter>Scene2D</Filter>
    </ClInclude>
    <ClInclude Include="Source\Scene2D\Player2D.h">
      <Filter>Entity2D</Filter>
    </ClInclude>
    <ClInclude Include="Source\Scene2D\Enemy2D.h">
      <Filter>Entity2D</Filter>
    </ClInclude>
    <ClInclude Include="Source\Scene2D\GameManager.h">
      <Filter>Manager2D</Filter>
    </ClInclude>
    <ClInclude Include="Source\GameStateManagement\GameOverState.h">
      <Filter>GameStateManagement</Filter>
    </ClInclude>
    <ClInclude Include="Source\GameStateManagement\PauseMenuState.h">
      <Filter>GameStateManagement</Filter>
    </ClInclude>
    <ClInclude Include="Source\Scene2D\Camera2D.h">
      <Filter>Entity2D</Filter>
    </ClInclude>
    <ClInclude Include="Source\KeyboardInputHandler\CKeyboardInputHandler.h">
      <Filter>KeyboardInputHandler</Filter>
    </ClInclude>
    <ClInclude Include="Source\Command\Command.h">
      <Filter>Command</Filter>
    </ClInclude>
    <ClInclude Include="Source\Scene2D\Interactables.h">
      <Filter>Entity2D</Filter>
    </ClInclude>
    <ClInclude Include="Source\Scene2D\Collider2D.h">
      <Filter>Entity2D</Filter>
    </ClInclude>
    <ClInclude Include="Source\Factory\ObjectFactory.h">
      <Filter>Factory</Filter>
    </ClInclude>
    <ClInclude Include="Source\Scene2D\Object2D.h">
      <Filter>Entity2D\Object2D</Filter>
    </ClInclude>
    <ClInclude Include="Source\Scene2D\Boulder2D.h">
      <Filter>Entity2D\Object2D</Filter>
    </ClInclude>
    <ClInclude Include="Source\Scene2D\InventoryItem.h">
      <Filter>Items</Filter>
    </ClInclude>
    <ClInclude Include="Source\Scene2D\InventoryManager.h">
      <Filter>Items</Filter>
    </ClInclude>
    <ClInclude Include="Source\Scene2D\EntityManager.h">
      <Filter>Manager2D</Filter>
    </ClInclude>
    <ClInclude Include="Source\Scene2D\Projectiles.h">
      <Filter>Entity2D\Object2D</Filter>
    </ClInclude>
    <ClInclude Include="Source\TextureManager\TextureManager.h">
      <Filter>TextureManager</Filter>
    </ClInclude>
    <ClInclude Include="Source\LevelEditor\LevelGrid.h">
      <Filter>LevelEditor</Filter>
    </ClInclude>
    <ClInclude Include="Source\LevelEditor\LevelEditor.h">
      <Filter>LevelEditor</Filter>
    </ClInclude>
    <ClInclude Include="Source\GameStateManagement\EditorSettingsState.h">
      <Filter>GameStateManagement</Filter>
    </ClInclude>
    <ClInclude Include="Source\GameStateManagement\LevelEditorState.h">
      <Filter>GameStateManagement</Filter>
    </ClInclude>
    <ClInclude Include="Source\Scene2D\InventoryMain.h">
      <Filter>Items</Filter>
    </ClInclude>
    <ClInclude Include="Source\Scene2D\Item.h">
      <Filter>Items</Filter>
    </ClInclude>
    <ClInclude Include="Source\Scene2D\InventoryM.h">
      <Filter>Items</Filter>
    </ClInclude>
    <ClInclude Include="Source\Scene2D\Inventory.h">
      <Filter>Items</Filter>
    </ClInclude>
    <ClInclude Include="Source\Scene2D\Boss2D.h">
      <Filter>Entity2D</Filter>
    </ClInclude>
  </ItemGroup>
</Project>